
Microsoft Visual Studio Solution File, Format Version 12.00
# Visual Studio Version 16
VisualStudioVersion = 16.0.29519.87
MinimumVisualStudioVersion = 10.0.40219.1
Project("{9A19103F-16F7-4668-BE54-9A1E7A4F7556}") = "NewSIGASE", "NewSIGASE\NewSIGASE.csproj", "{495D1803-248F-4A2A-AE87-7F61230A513A}"
EndProject
Project("{9A19103F-16F7-4668-BE54-9A1E7A4F7556}") = "NewSIGASE.Dto", "NewSIGASE.Dto\NewSIGASE.Dto.csproj", "{B2B34200-7D48-4AAA-9E97-07AF46FC7E61}"
EndProject
Project("{9A19103F-16F7-4668-BE54-9A1E7A4F7556}") = "NewSIGASE.Data", "NewSIGASE.Data\NewSIGASE.Data.csproj", "{E642C38A-D6C9-4F2D-8F10-30DBE6205C27}"
EndProject
Project("{9A19103F-16F7-4668-BE54-9A1E7A4F7556}") = "NewSIGASE.Infra", "NewSIGASE.Infra\NewSIGASE.Infra.csproj", "{6E642225-E845-4FE0-9789-8B2DB08EF4C2}"
EndProject
Project("{9A19103F-16F7-4668-BE54-9A1E7A4F7556}") = "NewSIGASE.Models", "NewSIGASE.Models\NewSIGASE.Models.csproj", "{8B17022B-6432-4AF5-85FB-58660D25FEC7}"
EndProject
Project("{9A19103F-16F7-4668-BE54-9A1E7A4F7556}") = "NewSIGASE.Services", "NewSIGASE.Services\NewSIGASE.Services.csproj", "{E75F4C3C-DC52-4082-83A6-A78F95C54FDC}"
EndProject
Global
	GlobalSection(SolutionConfigurationPlatforms) = preSolution
		Debug|Any CPU = Debug|Any CPU
		Release|Any CPU = Release|Any CPU
	EndGlobalSection
	GlobalSection(ProjectConfigurationPlatforms) = postSolution
		{495D1803-248F-4A2A-AE87-7F61230A513A}.Debug|Any CPU.ActiveCfg = Debug|Any CPU
		{495D1803-248F-4A2A-AE87-7F61230A513A}.Debug|Any CPU.Build.0 = Debug|Any CPU
		{495D1803-248F-4A2A-AE87-7F61230A513A}.Release|Any CPU.ActiveCfg = Release|Any CPU
		{495D1803-248F-4A2A-AE87-7F61230A513A}.Release|Any CPU.Build.0 = Release|Any CPU
		{B2B34200-7D48-4AAA-9E97-07AF46FC7E61}.Debug|Any CPU.ActiveCfg = Debug|Any CPU
		{B2B34200-7D48-4AAA-9E97-07AF46FC7E61}.Debug|Any CPU.Build.0 = Debug|Any CPU
		{B2B34200-7D48-4AAA-9E97-07AF46FC7E61}.Release|Any CPU.ActiveCfg = Release|Any CPU
		{B2B34200-7D48-4AAA-9E97-07AF46FC7E61}.Release|Any CPU.Build.0 = Release|Any CPU
		{E642C38A-D6C9-4F2D-8F10-30DBE6205C27}.Debug|Any CPU.ActiveCfg = Debug|Any CPU
		{E642C38A-D6C9-4F2D-8F10-30DBE6205C27}.Debug|Any CPU.Build.0 = Debug|Any CPU
		{E642C38A-D6C9-4F2D-8F10-30DBE6205C27}.Release|Any CPU.ActiveCfg = Release|Any CPU
		{E642C38A-D6C9-4F2D-8F10-30DBE6205C27}.Release|Any CPU.Build.0 = Release|Any CPU
		{6E642225-E845-4FE0-9789-8B2DB08EF4C2}.Debug|Any CPU.ActiveCfg = Debug|Any CPU
		{6E642225-E845-4FE0-9789-8B2DB08EF4C2}.Debug|Any CPU.Build.0 = Debug|Any CPU
		{6E642225-E845-4FE0-9789-8B2DB08EF4C2}.Release|Any CPU.ActiveCfg = Release|Any CPU
		{6E642225-E845-4FE0-9789-8B2DB08EF4C2}.Release|Any CPU.Build.0 = Release|Any CPU
		{8B17022B-6432-4AF5-85FB-58660D25FEC7}.Debug|Any CPU.ActiveCfg = Debug|Any CPU
		{8B17022B-6432-4AF5-85FB-58660D25FEC7}.Debug|Any CPU.Build.0 = Debug|Any CPU
		{8B17022B-6432-4AF5-85FB-58660D25FEC7}.Release|Any CPU.ActiveCfg = Release|Any CPU
		{8B17022B-6432-4AF5-85FB-58660D25FEC7}.Release|Any CPU.Build.0 = Release|Any CPU
		{E75F4C3C-DC52-4082-83A6-A78F95C54FDC}.Debug|Any CPU.ActiveCfg = Debug|Any CPU
		{E75F4C3C-DC52-4082-83A6-A78F95C54FDC}.Debug|Any CPU.Build.0 = Debug|Any CPU
		{E75F4C3C-DC52-4082-83A6-A78F95C54FDC}.Release|Any CPU.ActiveCfg = Release|Any CPU
		{E75F4C3C-DC52-4082-83A6-A78F95C54FDC}.Release|Any CPU.Build.0 = Release|Any CPU
	EndGlobalSection
	GlobalSection(SolutionProperties) = preSolution
		HideSolutionNode = FALSE
	EndGlobalSection
	GlobalSection(ExtensibilityGlobals) = postSolution
		SolutionGuid = {1817EC69-5592-40D9-8721-F2C71CDD8B6A}
	EndGlobalSection
EndGlobal
